
Microsoft Visual Studio Solution File, Format Version 12.00
# Visual Studio Version 16
VisualStudioVersion = 16.0.29519.87
MinimumVisualStudioVersion = 15.0.26124.0
Project("{9A19103F-16F7-4668-BE54-9A1E7A4F7556}") = "Ecommerce.API", "eTakaful.Portal\Ecommerce.API.csproj", "{183C025A-8A2A-4DA0-B5EF-BCFA746D520E}"
EndProject
Project("{9A19103F-16F7-4668-BE54-9A1E7A4F7556}") = "Ecommerce.Service", "eTakaful.Core\Ecommerce.Service.csproj", "{D9A29D00-E412-420B-B39B-B3A280786D21}"
EndProject
Project("{9A19103F-16F7-4668-BE54-9A1E7A4F7556}") = "Ecommerce.Domain", "eTakaful.Domain\Ecommerce.Domain.csproj", "{A4D33767-7C72-4F5C-9077-615A2AB8681D}"
EndProject
Project("{9A19103F-16F7-4668-BE54-9A1E7A4F7556}") = "Ecommerce.Repository", "eTakaful.Repository\Ecommerce.Repository.csproj", "{EFB4E3E3-E129-438A-8067-7805488456A1}"
EndProject
Project("{9A19103F-16F7-4668-BE54-9A1E7A4F7556}") = "EcommerceCommon", "EcommerceCommon\EcommerceCommon.csproj", "{714B8758-C13C-4ABF-BD49-42F53C80EF62}"
EndProject
Project("{9A19103F-16F7-4668-BE54-9A1E7A4F7556}") = "Ecommerce.Web", "Ecommerce.Web\Ecommerce.Web.csproj", "{40B1080E-64AC-436D-9A27-345CBAAFD1FE}"
EndProject
Project("{9A19103F-16F7-4668-BE54-9A1E7A4F7556}") = "Ecommerce.Admin", "Ecommerce.Admin\Ecommerce.Admin.csproj", "{B62EC3EB-176C-412D-AE37-3DFA1D49BBD8}"
EndProject
Global
	GlobalSection(SolutionConfigurationPlatforms) = preSolution
		Debug|Any CPU = Debug|Any CPU
		Debug|x64 = Debug|x64
		Debug|x86 = Debug|x86
		Release|Any CPU = Release|Any CPU
		Release|x64 = Release|x64
		Release|x86 = Release|x86
	EndGlobalSection
	GlobalSection(ProjectConfigurationPlatforms) = postSolution
		{183C025A-8A2A-4DA0-B5EF-BCFA746D520E}.Debug|Any CPU.ActiveCfg = Debug|Any CPU
		{183C025A-8A2A-4DA0-B5EF-BCFA746D520E}.Debug|Any CPU.Build.0 = Debug|Any CPU
		{183C025A-8A2A-4DA0-B5EF-BCFA746D520E}.Debug|x64.ActiveCfg = Debug|Any CPU
		{183C025A-8A2A-4DA0-B5EF-BCFA746D520E}.Debug|x64.Build.0 = Debug|Any CPU
		{183C025A-8A2A-4DA0-B5EF-BCFA746D520E}.Debug|x86.ActiveCfg = Debug|Any CPU
		{183C025A-8A2A-4DA0-B5EF-BCFA746D520E}.Debug|x86.Build.0 = Debug|Any CPU
		{183C025A-8A2A-4DA0-B5EF-BCFA746D520E}.Release|Any CPU.ActiveCfg = Release|Any CPU
		{183C025A-8A2A-4DA0-B5EF-BCFA746D520E}.Release|Any CPU.Build.0 = Release|Any CPU
		{183C025A-8A2A-4DA0-B5EF-BCFA746D520E}.Release|x64.ActiveCfg = Release|Any CPU
		{183C025A-8A2A-4DA0-B5EF-BCFA746D520E}.Release|x64.Build.0 = Release|Any CPU
		{183C025A-8A2A-4DA0-B5EF-BCFA746D520E}.Release|x86.ActiveCfg = Release|Any CPU
		{183C025A-8A2A-4DA0-B5EF-BCFA746D520E}.Release|x86.Build.0 = Release|Any CPU
		{D9A29D00-E412-420B-B39B-B3A280786D21}.Debug|Any CPU.ActiveCfg = Debug|Any CPU
		{D9A29D00-E412-420B-B39B-B3A280786D21}.Debug|Any CPU.Build.0 = Debug|Any CPU
		{D9A29D00-E412-420B-B39B-B3A280786D21}.Debug|x64.ActiveCfg = Debug|Any CPU
		{D9A29D00-E412-420B-B39B-B3A280786D21}.Debug|x64.Build.0 = Debug|Any CPU
		{D9A29D00-E412-420B-B39B-B3A280786D21}.Debug|x86.ActiveCfg = Debug|Any CPU
		{D9A29D00-E412-420B-B39B-B3A280786D21}.Debug|x86.Build.0 = Debug|Any CPU
		{D9A29D00-E412-420B-B39B-B3A280786D21}.Release|Any CPU.ActiveCfg = Release|Any CPU
		{D9A29D00-E412-420B-B39B-B3A280786D21}.Release|Any CPU.Build.0 = Release|Any CPU
		{D9A29D00-E412-420B-B39B-B3A280786D21}.Release|x64.ActiveCfg = Release|Any CPU
		{D9A29D00-E412-420B-B39B-B3A280786D21}.Release|x64.Build.0 = Release|Any CPU
		{D9A29D00-E412-420B-B39B-B3A280786D21}.Release|x86.ActiveCfg = Release|Any CPU
		{D9A29D00-E412-420B-B39B-B3A280786D21}.Release|x86.Build.0 = Release|Any CPU
		{A4D33767-7C72-4F5C-9077-615A2AB8681D}.Debug|Any CPU.ActiveCfg = Debug|Any CPU
		{A4D33767-7C72-4F5C-9077-615A2AB8681D}.Debug|Any CPU.Build.0 = Debug|Any CPU
		{A4D33767-7C72-4F5C-9077-615A2AB8681D}.Debug|x64.ActiveCfg = Debug|Any CPU
		{A4D33767-7C72-4F5C-9077-615A2AB8681D}.Debug|x64.Build.0 = Debug|Any CPU
		{A4D33767-7C72-4F5C-9077-615A2AB8681D}.Debug|x86.ActiveCfg = Debug|Any CPU
		{A4D33767-7C72-4F5C-9077-615A2AB8681D}.Debug|x86.Build.0 = Debug|Any CPU
		{A4D33767-7C72-4F5C-9077-615A2AB8681D}.Release|Any CPU.ActiveCfg = Release|Any CPU
		{A4D33767-7C72-4F5C-9077-615A2AB8681D}.Release|Any CPU.Build.0 = Release|Any CPU
		{A4D33767-7C72-4F5C-9077-615A2AB8681D}.Release|x64.ActiveCfg = Release|Any CPU
		{A4D33767-7C72-4F5C-9077-615A2AB8681D}.Release|x64.Build.0 = Release|Any CPU
		{A4D33767-7C72-4F5C-9077-615A2AB8681D}.Release|x86.ActiveCfg = Release|Any CPU
		{A4D33767-7C72-4F5C-9077-615A2AB8681D}.Release|x86.Build.0 = Release|Any CPU
		{EFB4E3E3-E129-438A-8067-7805488456A1}.Debug|Any CPU.ActiveCfg = Debug|Any CPU
		{EFB4E3E3-E129-438A-8067-7805488456A1}.Debug|Any CPU.Build.0 = Debug|Any CPU
		{EFB4E3E3-E129-438A-8067-7805488456A1}.Debug|x64.ActiveCfg = Debug|Any CPU
		{EFB4E3E3-E129-438A-8067-7805488456A1}.Debug|x64.Build.0 = Debug|Any CPU
		{EFB4E3E3-E129-438A-8067-7805488456A1}.Debug|x86.ActiveCfg = Debug|Any CPU
		{EFB4E3E3-E129-438A-8067-7805488456A1}.Debug|x86.Build.0 = Debug|Any CPU
		{EFB4E3E3-E129-438A-8067-7805488456A1}.Release|Any CPU.ActiveCfg = Release|Any CPU
		{EFB4E3E3-E129-438A-8067-7805488456A1}.Release|Any CPU.Build.0 = Release|Any CPU
		{EFB4E3E3-E129-438A-8067-7805488456A1}.Release|x64.ActiveCfg = Release|Any CPU
		{EFB4E3E3-E129-438A-8067-7805488456A1}.Release|x64.Build.0 = Release|Any CPU
		{EFB4E3E3-E129-438A-8067-7805488456A1}.Release|x86.ActiveCfg = Release|Any CPU
		{EFB4E3E3-E129-438A-8067-7805488456A1}.Release|x86.Build.0 = Release|Any CPU
		{714B8758-C13C-4ABF-BD49-42F53C80EF62}.Debug|Any CPU.ActiveCfg = Debug|Any CPU
		{714B8758-C13C-4ABF-BD49-42F53C80EF62}.Debug|Any CPU.Build.0 = Debug|Any CPU
		{714B8758-C13C-4ABF-BD49-42F53C80EF62}.Debug|x64.ActiveCfg = Debug|Any CPU
		{714B8758-C13C-4ABF-BD49-42F53C80EF62}.Debug|x64.Build.0 = Debug|Any CPU
		{714B8758-C13C-4ABF-BD49-42F53C80EF62}.Debug|x86.ActiveCfg = Debug|Any CPU
		{714B8758-C13C-4ABF-BD49-42F53C80EF62}.Debug|x86.Build.0 = Debug|Any CPU
		{714B8758-C13C-4ABF-BD49-42F53C80EF62}.Release|Any CPU.ActiveCfg = Release|Any CPU
		{714B8758-C13C-4ABF-BD49-42F53C80EF62}.Release|Any CPU.Build.0 = Release|Any CPU
		{714B8758-C13C-4ABF-BD49-42F53C80EF62}.Release|x64.ActiveCfg = Release|Any CPU
		{714B8758-C13C-4ABF-BD49-42F53C80EF62}.Release|x64.Build.0 = Release|Any CPU
		{714B8758-C13C-4ABF-BD49-42F53C80EF62}.Release|x86.ActiveCfg = Release|Any CPU
		{714B8758-C13C-4ABF-BD49-42F53C80EF62}.Release|x86.Build.0 = Release|Any CPU
		{40B1080E-64AC-436D-9A27-345CBAAFD1FE}.Debug|Any CPU.ActiveCfg = Debug|Any CPU
		{40B1080E-64AC-436D-9A27-345CBAAFD1FE}.Debug|Any CPU.Build.0 = Debug|Any CPU
		{40B1080E-64AC-436D-9A27-345CBAAFD1FE}.Debug|x64.ActiveCfg = Debug|Any CPU
		{40B1080E-64AC-436D-9A27-345CBAAFD1FE}.Debug|x64.Build.0 = Debug|Any CPU
		{40B1080E-64AC-436D-9A27-345CBAAFD1FE}.Debug|x86.ActiveCfg = Debug|Any CPU
		{40B1080E-64AC-436D-9A27-345CBAAFD1FE}.Debug|x86.Build.0 = Debug|Any CPU
		{40B1080E-64AC-436D-9A27-345CBAAFD1FE}.Release|Any CPU.ActiveCfg = Release|Any CPU
		{40B1080E-64AC-436D-9A27-345CBAAFD1FE}.Release|Any CPU.Build.0 = Release|Any CPU
		{40B1080E-64AC-436D-9A27-345CBAAFD1FE}.Release|x64.ActiveCfg = Release|Any CPU
		{40B1080E-64AC-436D-9A27-345CBAAFD1FE}.Release|x64.Build.0 = Release|Any CPU
		{40B1080E-64AC-436D-9A27-345CBAAFD1FE}.Release|x86.ActiveCfg = Release|Any CPU
		{40B1080E-64AC-436D-9A27-345CBAAFD1FE}.Release|x86.Build.0 = Release|Any CPU
		{B62EC3EB-176C-412D-AE37-3DFA1D49BBD8}.Debug|Any CPU.ActiveCfg = Debug|Any CPU
		{B62EC3EB-176C-412D-AE37-3DFA1D49BBD8}.Debug|Any CPU.Build.0 = Debug|Any CPU
		{B62EC3EB-176C-412D-AE37-3DFA1D49BBD8}.Debug|x64.ActiveCfg = Debug|Any CPU
		{B62EC3EB-176C-412D-AE37-3DFA1D49BBD8}.Debug|x64.Build.0 = Debug|Any CPU
		{B62EC3EB-176C-412D-AE37-3DFA1D49BBD8}.Debug|x86.ActiveCfg = Debug|Any CPU
		{B62EC3EB-176C-412D-AE37-3DFA1D49BBD8}.Debug|x86.Build.0 = Debug|Any CPU
		{B62EC3EB-176C-412D-AE37-3DFA1D49BBD8}.Release|Any CPU.ActiveCfg = Release|Any CPU
		{B62EC3EB-176C-412D-AE37-3DFA1D49BBD8}.Release|Any CPU.Build.0 = Release|Any CPU
		{B62EC3EB-176C-412D-AE37-3DFA1D49BBD8}.Release|x64.ActiveCfg = Release|Any CPU
		{B62EC3EB-176C-412D-AE37-3DFA1D49BBD8}.Release|x64.Build.0 = Release|Any CPU
		{B62EC3EB-176C-412D-AE37-3DFA1D49BBD8}.Release|x86.ActiveCfg = Release|Any CPU
		{B62EC3EB-176C-412D-AE37-3DFA1D49BBD8}.Release|x86.Build.0 = Release|Any CPU
	EndGlobalSection
	GlobalSection(SolutionProperties) = preSolution
		HideSolutionNode = FALSE
	EndGlobalSection
	GlobalSection(ExtensibilityGlobals) = postSolution
		SolutionGuid = {33EA4287-07CD-45B2-9020-D5F81C76BFD0}
	EndGlobalSection
EndGlobal
